// !$*UTF8*$!
{
	archiveVersion = 1;
	classes = {
	};
	objectVersion = 55;
	objects = {

/* Begin PBXBuildFile section */
		CEB88E8F29257492009EFCD0 /* AppDelegate.swift in Sources */ = {isa = PBXBuildFile; fileRef = CEB88E8E29257492009EFCD0 /* AppDelegate.swift */; };
		CEB88E9129257492009EFCD0 /* SceneDelegate.swift in Sources */ = {isa = PBXBuildFile; fileRef = CEB88E9029257492009EFCD0 /* SceneDelegate.swift */; };
		CEB88E9329257492009EFCD0 /* CitiesList.swift in Sources */ = {isa = PBXBuildFile; fileRef = CEB88E9229257492009EFCD0 /* CitiesList.swift */; };
		CEB88E9629257492009EFCD0 /* Main.storyboard in Resources */ = {isa = PBXBuildFile; fileRef = CEB88E9429257492009EFCD0 /* Main.storyboard */; };
		CEB88E982925749A009EFCD0 /* Assets.xcassets in Resources */ = {isa = PBXBuildFile; fileRef = CEB88E972925749A009EFCD0 /* Assets.xcassets */; };
		CEB88E9B2925749A009EFCD0 /* LaunchScreen.storyboard in Resources */ = {isa = PBXBuildFile; fileRef = CEB88E992925749A009EFCD0 /* LaunchScreen.storyboard */; };
		CEB88EA729263F4D009EFCD0 /* citiesTVC.swift in Sources */ = {isa = PBXBuildFile; fileRef = CEB88EA629263F4D009EFCD0 /* citiesTVC.swift */; };
		CEB88EA9292646A6009EFCD0 /* cityCell.swift in Sources */ = {isa = PBXBuildFile; fileRef = CEB88EA8292646A6009EFCD0 /* cityCell.swift */; };
		CEB88EAC2926C8B9009EFCD0 /* City.swift in Sources */ = {isa = PBXBuildFile; fileRef = CEB88EAB2926C8B9009EFCD0 /* City.swift */; };
		CEB88EAE292819EF009EFCD0 /* config.swift in Sources */ = {isa = PBXBuildFile; fileRef = CEB88EAD292819EF009EFCD0 /* config.swift */; };
		CEBBA91C292D4AAA00FB60C9 /* SwiftyJSON in Frameworks */ = {isa = PBXBuildFile; productRef = CEBBA91B292D4AAA00FB60C9 /* SwiftyJSON */; };
		CEBBA922292EBA1C00FB60C9 /* Alamofire in Frameworks */ = {isa = PBXBuildFile; productRef = CEBBA921292EBA1C00FB60C9 /* Alamofire */; };
/* End PBXBuildFile section */

/* Begin PBXFileReference section */
		CEB88E8B29257492009EFCD0 /* Weather.app */ = {isa = PBXFileReference; explicitFileType = wrapper.application; includeInIndex = 0; path = Weather.app; sourceTree = BUILT_PRODUCTS_DIR; };
		CEB88E8E29257492009EFCD0 /* AppDelegate.swift */ = {isa = PBXFileReference; lastKnownFileType = sourcecode.swift; path = AppDelegate.swift; sourceTree = "<group>"; };
		CEB88E9029257492009EFCD0 /* SceneDelegate.swift */ = {isa = PBXFileReference; lastKnownFileType = sourcecode.swift; path = SceneDelegate.swift; sourceTree = "<group>"; };
		CEB88E9229257492009EFCD0 /* CitiesList.swift */ = {isa = PBXFileReference; lastKnownFileType = sourcecode.swift; path = CitiesList.swift; sourceTree = "<group>"; };
		CEB88E9529257492009EFCD0 /* Base */ = {isa = PBXFileReference; lastKnownFileType = file.storyboard; name = Base; path = Base.lproj/Main.storyboard; sourceTree = "<group>"; };
		CEB88E972925749A009EFCD0 /* Assets.xcassets */ = {isa = PBXFileReference; lastKnownFileType = folder.assetcatalog; path = Assets.xcassets; sourceTree = "<group>"; };
		CEB88E9A2925749A009EFCD0 /* Base */ = {isa = PBXFileReference; lastKnownFileType = file.storyboard; name = Base; path = Base.lproj/LaunchScreen.storyboard; sourceTree = "<group>"; };
		CEB88E9C2925749A009EFCD0 /* Info.plist */ = {isa = PBXFileReference; lastKnownFileType = text.plist.xml; path = Info.plist; sourceTree = "<group>"; };
		CEB88EA329262B07009EFCD0 /* Alamofire-master */ = {isa = PBXFileReference; lastKnownFileType = wrapper; name = "Alamofire-master"; path = "../../Downloads/Alamofire-master"; sourceTree = "<group>"; };
		CEB88EA429262C14009EFCD0 /* Alamofire-master */ = {isa = PBXFileReference; lastKnownFileType = wrapper; name = "Alamofire-master"; path = "../../Downloads/Alamofire-master"; sourceTree = "<group>"; };
		CEB88EA529262D54009EFCD0 /* Alamofire-master */ = {isa = PBXFileReference; lastKnownFileType = wrapper; name = "Alamofire-master"; path = "../../Downloads/Alamofire-master"; sourceTree = "<group>"; };
		CEB88EA629263F4D009EFCD0 /* citiesTVC.swift */ = {isa = PBXFileReference; lastKnownFileType = sourcecode.swift; path = citiesTVC.swift; sourceTree = "<group>"; };
		CEB88EA8292646A6009EFCD0 /* cityCell.swift */ = {isa = PBXFileReference; lastKnownFileType = sourcecode.swift; path = cityCell.swift; sourceTree = "<group>"; };
		CEB88EAA2926B112009EFCD0 /* Alamofire-master */ = {isa = PBXFileReference; lastKnownFileType = wrapper; name = "Alamofire-master"; path = "../../Downloads/Alamofire-master"; sourceTree = "<group>"; };
		CEB88EAB2926C8B9009EFCD0 /* City.swift */ = {isa = PBXFileReference; lastKnownFileType = sourcecode.swift; path = City.swift; sourceTree = "<group>"; };
		CEB88EAD292819EF009EFCD0 /* config.swift */ = {isa = PBXFileReference; lastKnownFileType = sourcecode.swift; path = config.swift; sourceTree = "<group>"; };
		CEB88EB2292826E2009EFCD0 /* SwiftyJSON-master */ = {isa = PBXFileReference; lastKnownFileType = wrapper; name = "SwiftyJSON-master"; path = "../../Downloads/SwiftyJSON-master"; sourceTree = "<group>"; };
/* End PBXFileReference section */

/* Begin PBXFrameworksBuildPhase section */
		CEB88E8829257492009EFCD0 /* Frameworks */ = {
			isa = PBXFrameworksBuildPhase;
			buildActionMask = 2147483647;
			files = (
				CEBBA91C292D4AAA00FB60C9 /* SwiftyJSON in Frameworks */,
				CEBBA922292EBA1C00FB60C9 /* Alamofire in Frameworks */,
			);
			runOnlyForDeploymentPostprocessing = 0;
		};
/* End PBXFrameworksBuildPhase section */

/* Begin PBXGroup section */
		CEB88E8229257492009EFCD0 = {
			isa = PBXGroup;
			children = (
				CEB88EA229262B07009EFCD0 /* Packages */,
				CEB88E8D29257492009EFCD0 /* Weather */,
				CEB88E8C29257492009EFCD0 /* Products */,
			);
			sourceTree = "<group>";
		};
		CEB88E8C29257492009EFCD0 /* Products */ = {
			isa = PBXGroup;
			children = (
				CEB88E8B29257492009EFCD0 /* Weather.app */,
			);
			name = Products;
			sourceTree = "<group>";
		};
		CEB88E8D29257492009EFCD0 /* Weather */ = {
			isa = PBXGroup;
			children = (
				CEB88E8E29257492009EFCD0 /* AppDelegate.swift */,
				CEB88E9029257492009EFCD0 /* SceneDelegate.swift */,
				CEB88E9229257492009EFCD0 /* CitiesList.swift */,
				CEB88EAD292819EF009EFCD0 /* config.swift */,
				CEB88EAB2926C8B9009EFCD0 /* City.swift */,
				CEB88E972925749A009EFCD0 /* Assets.xcassets */,
				CEB88E992925749A009EFCD0 /* LaunchScreen.storyboard */,
				CEB88E9C2925749A009EFCD0 /* Info.plist */,
				CEB88E9429257492009EFCD0 /* Main.storyboard */,
				CEB88EA8292646A6009EFCD0 /* cityCell.swift */,
				CEB88EA629263F4D009EFCD0 /* citiesTVC.swift */,
			);
			path = Weather;
			sourceTree = "<group>";
		};
		CEB88EA229262B07009EFCD0 /* Packages */ = {
			isa = PBXGroup;
			children = (
				CEB88EA329262B07009EFCD0 /* Alamofire-master */,
				CEB88EA429262C14009EFCD0 /* Alamofire-master */,
				CEB88EA529262D54009EFCD0 /* Alamofire-master */,
				CEB88EAA2926B112009EFCD0 /* Alamofire-master */,
				CEB88EB2292826E2009EFCD0 /* SwiftyJSON-master */,
			);
			name = Packages;
			sourceTree = "<group>";
		};
/* End PBXGroup section */

/* Begin PBXNativeTarget section */
		CEB88E8A29257492009EFCD0 /* Weather */ = {
			isa = PBXNativeTarget;
			buildConfigurationList = CEB88E9F2925749A009EFCD0 /* Build configuration list for PBXNativeTarget "Weather" */;
			buildPhases = (
				CEB88E8729257492009EFCD0 /* Sources */,
				CEB88E8829257492009EFCD0 /* Frameworks */,
				CEB88E8929257492009EFCD0 /* Resources */,
			);
			buildRules = (
			);
			dependencies = (
			);
			name = Weather;
			packageProductDependencies = (
				CEBBA91B292D4AAA00FB60C9 /* SwiftyJSON */,
				CEBBA921292EBA1C00FB60C9 /* Alamofire */,
			);
			productName = Weather;
			productReference = CEB88E8B29257492009EFCD0 /* Weather.app */;
			productType = "com.apple.product-type.application";
		};
/* End PBXNativeTarget section */

/* Begin PBXProject section */
		CEB88E8329257492009EFCD0 /* Project object */ = {
			isa = PBXProject;
			attributes = {
				BuildIndependentTargetsInParallel = 1;
				LastSwiftUpdateCheck = 1320;
				LastUpgradeCheck = 1320;
				TargetAttributes = {
					CEB88E8A29257492009EFCD0 = {
						CreatedOnToolsVersion = 13.2.1;
					};
				};
			};
			buildConfigurationList = CEB88E8629257492009EFCD0 /* Build configuration list for PBXProject "Weather" */;
			compatibilityVersion = "Xcode 13.0";
			developmentRegion = en;
			hasScannedForEncodings = 0;
			knownRegions = (
				en,
				Base,
			);
			mainGroup = CEB88E8229257492009EFCD0;
			packageReferences = (
				CEBBA91A292D4AAA00FB60C9 /* XCRemoteSwiftPackageReference "SwiftyJSON" */,
				CEBBA920292EBA1C00FB60C9 /* XCRemoteSwiftPackageReference "Alamofire" */,
			);
			productRefGroup = CEB88E8C29257492009EFCD0 /* Products */;
			projectDirPath = "";
			projectRoot = "";
			targets = (
				CEB88E8A29257492009EFCD0 /* Weather */,
			);
		};
/* End PBXProject section */

/* Begin PBXResourcesBuildPhase section */
		CEB88E8929257492009EFCD0 /* Resources */ = {
			isa = PBXResourcesBuildPhase;
			buildActionMask = 2147483647;
			files = (
				CEB88E9B2925749A009EFCD0 /* LaunchScreen.storyboard in Resources */,
				CEB88E982925749A009EFCD0 /* Assets.xcassets in Resources */,
				CEB88E9629257492009EFCD0 /* Main.storyboard in Resources */,
			);
			runOnlyForDeploymentPostprocessing = 0;
		};
/* End PBXResourcesBuildPhase section */

/* Begin PBXSourcesBuildPhase section */
		CEB88E8729257492009EFCD0 /* Sources */ = {
			isa = PBXSourcesBuildPhase;
			buildActionMask = 2147483647;
			files = (
				CEB88EA729263F4D009EFCD0 /* citiesTVC.swift in Sources */,
				CEB88EA9292646A6009EFCD0 /* cityCell.swift in Sources */,
				CEB88EAC2926C8B9009EFCD0 /* City.swift in Sources */,
				CEB88E9329257492009EFCD0 /* CitiesList.swift in Sources */,
				CEB88EAE292819EF009EFCD0 /* config.swift in Sources */,
				CEB88E8F29257492009EFCD0 /* AppDelegate.swift in Sources */,
				CEB88E9129257492009EFCD0 /* SceneDelegate.swift in Sources */,
			);
			runOnlyForDeploymentPostprocessing = 0;
		};
/* End PBXSourcesBuildPhase section */

/* Begin PBXVariantGroup section */
		CEB88E9429257492009EFCD0 /* Main.storyboard */ = {
			isa = PBXVariantGroup;
			children = (
				CEB88E9529257492009EFCD0 /* Base */,
			);
			name = Main.storyboard;
			sourceTree = "<group>";
		};
		CEB88E992925749A009EFCD0 /* LaunchScreen.storyboard */ = {
			isa = PBXVariantGroup;
			children = (
				CEB88E9A2925749A009EFCD0 /* Base */,
			);
			name = LaunchScreen.storyboard;
			sourceTree = "<group>";
		};
/* End PBXVariantGroup section */

/* Begin XCBuildConfiguration section */
		CEB88E9D2925749A009EFCD0 /* Debug */ = {
			isa = XCBuildConfiguration;
			buildSettings = {
				ALWAYS_SEARCH_USER_PATHS = NO;
				CLANG_ANALYZER_NONNULL = YES;
				CLANG_ANALYZER_NUMBER_OBJECT_CONVERSION = YES_AGGRESSIVE;
				CLANG_CXX_LANGUAGE_STANDARD = "gnu++17";
				CLANG_CXX_LIBRARY = "libc++";
				CLANG_ENABLE_MODULES = YES;
				CLANG_ENABLE_OBJC_ARC = YES;
				CLANG_ENABLE_OBJC_WEAK = YES;
				CLANG_WARN_BLOCK_CAPTURE_AUTORELEASING = YES;
				CLANG_WARN_BOOL_CONVERSION = YES;
				CLANG_WARN_COMMA = YES;
				CLANG_WARN_CONSTANT_CONVERSION = YES;
				CLANG_WARN_DEPRECATED_OBJC_IMPLEMENTATIONS = YES;
				CLANG_WARN_DIRECT_OBJC_ISA_USAGE = YES_ERROR;
				CLANG_WARN_DOCUMENTATION_COMMENTS = YES;
				CLANG_WARN_EMPTY_BODY = YES;
				CLANG_WARN_ENUM_CONVERSION = YES;
				CLANG_WARN_INFINITE_RECURSION = YES;
				CLANG_WARN_INT_CONVERSION = YES;
				CLANG_WARN_NON_LITERAL_NULL_CONVERSION = YES;
				CLANG_WARN_OBJC_IMPLICIT_RETAIN_SELF = YES;
				CLANG_WARN_OBJC_LITERAL_CONVERSION = YES;
				CLANG_WARN_OBJC_ROOT_CLASS = YES_ERROR;
				CLANG_WARN_QUOTED_INCLUDE_IN_FRAMEWORK_HEADER = YES;
				CLANG_WARN_RANGE_LOOP_ANALYSIS = YES;
				CLANG_WARN_STRICT_PROTOTYPES = YES;
				CLANG_WARN_SUSPICIOUS_MOVE = YES;
				CLANG_WARN_UNGUARDED_AVAILABILITY = YES_AGGRESSIVE;
				CLANG_WARN_UNREACHABLE_CODE = YES;
				CLANG_WARN__DUPLICATE_METHOD_MATCH = YES;
				COPY_PHASE_STRIP = NO;
				DEBUG_INFORMATION_FORMAT = dwarf;
				ENABLE_STRICT_OBJC_MSGSEND = YES;
				ENABLE_TESTABILITY = YES;
				GCC_C_LANGUAGE_STANDARD = gnu11;
				GCC_DYNAMIC_NO_PIC = NO;
				GCC_NO_COMMON_BLOCKS = YES;
				GCC_OPTIMIZATION_LEVEL = 0;
				GCC_PREPROCESSOR_DEFINITIONS = (
					"DEBUG=1",
					"$(inherited)",
				);
				GCC_WARN_64_TO_32_BIT_CONVERSION = YES;
				GCC_WARN_ABOUT_RETURN_TYPE = YES_ERROR;
				GCC_WARN_UNDECLARED_SELECTOR = YES;
				GCC_WARN_UNINITIALIZED_AUTOS = YES_AGGRESSIVE;
				GCC_WARN_UNUSED_FUNCTION = YES;
				GCC_WARN_UNUSED_VARIABLE = YES;
				IPHONEOS_DEPLOYMENT_TARGET = 15.2;
				MTL_ENABLE_DEBUG_INFO = INCLUDE_SOURCE;
				MTL_FAST_MATH = YES;
				ONLY_ACTIVE_ARCH = YES;
				SDKROOT = iphoneos;
				SWIFT_ACTIVE_COMPILATION_CONDITIONS = DEBUG;
				SWIFT_OPTIMIZATION_LEVEL = "-Onone";
			};
			name = Debug;
		};
		CEB88E9E2925749A009EFCD0 /* Release */ = {
			isa = XCBuildConfiguration;
			buildSettings = {
				ALWAYS_SEARCH_USER_PATHS = NO;
				CLANG_ANALYZER_NONNULL = YES;
				CLANG_ANALYZER_NUMBER_OBJECT_CONVERSION = YES_AGGRESSIVE;
				CLANG_CXX_LANGUAGE_STANDARD = "gnu++17";
				CLANG_CXX_LIBRARY = "libc++";
				CLANG_ENABLE_MODULES = YES;
				CLANG_ENABLE_OBJC_ARC = YES;
				CLANG_ENABLE_OBJC_WEAK = YES;
				CLANG_WARN_BLOCK_CAPTURE_AUTORELEASING = YES;
				CLANG_WARN_BOOL_CONVERSION = YES;
				CLANG_WARN_COMMA = YES;
				CLANG_WARN_CONSTANT_CONVERSION = YES;
				CLANG_WARN_DEPRECATED_OBJC_IMPLEMENTATIONS = YES;
				CLANG_WARN_DIRECT_OBJC_ISA_USAGE = YES_ERROR;
				CLANG_WARN_DOCUMENTATION_COMMENTS = YES;
				CLANG_WARN_EMPTY_BODY = YES;
				CLANG_WARN_ENUM_CONVERSION = YES;
				CLANG_WARN_INFINITE_RECURSION = YES;
				CLANG_WARN_INT_CONVERSION = YES;
				CLANG_WARN_NON_LITERAL_NULL_CONVERSION = YES;
				CLANG_WARN_OBJC_IMPLICIT_RETAIN_SELF = YES;
				CLANG_WARN_OBJC_LITERAL_CONVERSION = YES;
				CLANG_WARN_OBJC_ROOT_CLASS = YES_ERROR;
				CLANG_WARN_QUOTED_INCLUDE_IN_FRAMEWORK_HEADER = YES;
				CLANG_WARN_RANGE_LOOP_ANALYSIS = YES;
				CLANG_WARN_STRICT_PROTOTYPES = YES;
				CLANG_WARN_SUSPICIOUS_MOVE = YES;
				CLANG_WARN_UNGUARDED_AVAILABILITY = YES_AGGRESSIVE;
				CLANG_WARN_UNREACHABLE_CODE = YES;
				CLANG_WARN__DUPLICATE_METHOD_MATCH = YES;
				COPY_PHASE_STRIP = NO;
				DEBUG_INFORMATION_FORMAT = "dwarf-with-dsym";
				ENABLE_NS_ASSERTIONS = NO;
				ENABLE_STRICT_OBJC_MSGSEND = YES;
				GCC_C_LANGUAGE_STANDARD = gnu11;
				GCC_NO_COMMON_BLOCKS = YES;
				GCC_WARN_64_TO_32_BIT_CONVERSION = YES;
				GCC_WARN_ABOUT_RETURN_TYPE = YES_ERROR;
				GCC_WARN_UNDECLARED_SELECTOR = YES;
				GCC_WARN_UNINITIALIZED_AUTOS = YES_AGGRESSIVE;
				GCC_WARN_UNUSED_FUNCTION = YES;
				GCC_WARN_UNUSED_VARIABLE = YES;
				IPHONEOS_DEPLOYMENT_TARGET = 15.2;
				MTL_ENABLE_DEBUG_INFO = NO;
				MTL_FAST_MATH = YES;
				SDKROOT = iphoneos;
				SWIFT_COMPILATION_MODE = wholemodule;
				SWIFT_OPTIMIZATION_LEVEL = "-O";
				VALIDATE_PRODUCT = YES;
			};
			name = Release;
		};
		CEB88EA02925749A009EFCD0 /* Debug */ = {
			isa = XCBuildConfiguration;
			buildSettings = {
				ASSETCATALOG_COMPILER_APPICON_NAME = AppIcon;
				ASSETCATALOG_COMPILER_GLOBAL_ACCENT_COLOR_NAME = AccentColor;
				CODE_SIGN_STYLE = Automatic;
				CURRENT_PROJECT_VERSION = 1;
				GENERATE_INFOPLIST_FILE = YES;
				INFOPLIST_FILE = Weather/Info.plist;
				INFOPLIST_KEY_UIApplicationSupportsIndirectInputEvents = YES;
				INFOPLIST_KEY_UILaunchStoryboardName = LaunchScreen;
				INFOPLIST_KEY_UIMainStoryboardFile = Main;
				INFOPLIST_KEY_UISupportedInterfaceOrientations_iPad = "UIInterfaceOrientationPortrait UIInterfaceOrientationPortraitUpsideDown UIInterfaceOrientationLandscapeLeft UIInterfaceOrientationLandscapeRight";
				INFOPLIST_KEY_UISupportedInterfaceOrientations_iPhone = "UIInterfaceOrientationPortrait UIInterfaceOrientationLandscapeLeft UIInterfaceOrientationLandscapeRight";
				LD_RUNPATH_SEARCH_PATHS = (
					"$(inherited)",
					"@executable_path/Frameworks",
				);
				MARKETING_VERSION = 1.0;
				PRODUCT_BUNDLE_IDENTIFIER = ru.levchenko.Weather;
				PRODUCT_NAME = "$(TARGET_NAME)";
				SWIFT_EMIT_LOC_STRINGS = YES;
				SWIFT_VERSION = 5.0;
				TARGETED_DEVICE_FAMILY = "1,2";
			};
			name = Debug;
		};
		CEB88EA12925749A009EFCD0 /* Release */ = {
			isa = XCBuildConfiguration;
			buildSettings = {
				ASSETCATALOG_COMPILER_APPICON_NAME = AppIcon;
				ASSETCATALOG_COMPILER_GLOBAL_ACCENT_COLOR_NAME = AccentColor;
				CODE_SIGN_STYLE = Automatic;
				CURRENT_PROJECT_VERSION = 1;
				GENERATE_INFOPLIST_FILE = YES;
				INFOPLIST_FILE = Weather/Info.plist;
				INFOPLIST_KEY_UIApplicationSupportsIndirectInputEvents = YES;
				INFOPLIST_KEY_UILaunchStoryboardName = LaunchScreen;
				INFOPLIST_KEY_UIMainStoryboardFile = Main;
				INFOPLIST_KEY_UISupportedInterfaceOrientations_iPad = "UIInterfaceOrientationPortrait UIInterfaceOrientationPortraitUpsideDown UIInterfaceOrientationLandscapeLeft UIInterfaceOrientationLandscapeRight";
				INFOPLIST_KEY_UISupportedInterfaceOrientations_iPhone = "UIInterfaceOrientationPortrait UIInterfaceOrientationLandscapeLeft UIInterfaceOrientationLandscapeRight";
				LD_RUNPATH_SEARCH_PATHS = (
					"$(inherited)",
					"@executable_path/Frameworks",
				);
				MARKETING_VERSION = 1.0;
				PRODUCT_BUNDLE_IDENTIFIER = ru.levchenko.Weather;
				PRODUCT_NAME = "$(TARGET_NAME)";
				SWIFT_EMIT_LOC_STRINGS = YES;
				SWIFT_VERSION = 5.0;
				TARGETED_DEVICE_FAMILY = "1,2";
			};
			name = Release;
		};
/* End XCBuildConfiguration section */

/* Begin XCConfigurationList section */
		CEB88E8629257492009EFCD0 /* Build configuration list for PBXProject "Weather" */ = {
			isa = XCConfigurationList;
			buildConfigurations = (
				CEB88E9D2925749A009EFCD0 /* Debug */,
				CEB88E9E2925749A009EFCD0 /* Release */,
			);
			defaultConfigurationIsVisible = 0;
			defaultConfigurationName = Release;
		};
		CEB88E9F2925749A009EFCD0 /* Build configuration list for PBXNativeTarget "Weather" */ = {
			isa = XCConfigurationList;
			buildConfigurations = (
				CEB88EA02925749A009EFCD0 /* Debug */,
				CEB88EA12925749A009EFCD0 /* Release */,
			);
			defaultConfigurationIsVisible = 0;
			defaultConfigurationName = Release;
		};
/* End XCConfigurationList section */

/* Begin XCRemoteSwiftPackageReference section */
		CEBBA91A292D4AAA00FB60C9 /* XCRemoteSwiftPackageReference "SwiftyJSON" */ = {
			isa = XCRemoteSwiftPackageReference;
			repositoryURL = "https://github.com/SwiftyJSON/SwiftyJSON";
			requirement = {
				kind = upToNextMajorVersion;
				minimumVersion = 5.0.0;
			};
		};
		CEBBA920292EBA1C00FB60C9 /* XCRemoteSwiftPackageReference "Alamofire" */ = {
			isa = XCRemoteSwiftPackageReference;
			repositoryURL = "https://github.com/Alamofire/Alamofire.git";
			requirement = {
				kind = upToNextMajorVersion;
				minimumVersion = 5.0.0;
			};
		};
/* End XCRemoteSwiftPackageReference section */

/* Begin XCSwiftPackageProductDependency section */
		CEBBA91B292D4AAA00FB60C9 /* SwiftyJSON */ = {
			isa = XCSwiftPackageProductDependency;
			package = CEBBA91A292D4AAA00FB60C9 /* XCRemoteSwiftPackageReference "SwiftyJSON" */;
			productName = SwiftyJSON;
		};
		CEBBA921292EBA1C00FB60C9 /* Alamofire */ = {
			isa = XCSwiftPackageProductDependency;
			package = CEBBA920292EBA1C00FB60C9 /* XCRemoteSwiftPackageReference "Alamofire" */;
			productName = Alamofire;
		};
/* End XCSwiftPackageProductDependency section */
	};
	rootObject = CEB88E8329257492009EFCD0 /* Project object */;
}
